# This file is autogenerated, do not edit; changes may be undone by the next 'dep ensure'.


[[projects]]
  digest = "1:e1cbe9ce835f515ce57500b8db6b94f399650bea2ddfac59f9b05d98db77a96d"
  name = "github.com/go-playground/locales"
  packages = [
    ".",
    "currency",
  ]
  pruneopts = "UT"
  revision = "9f105231d3a5f6877a2bf8321dfa15ea6f844b1b"
  version = "v0.13.0"

[[projects]]
  digest = "1:0d18fff5db6983e912eb2ac15038ed3eabb8ec03c9bd9129b10cd0213f50ec6d"
  name = "github.com/go-playground/universal-translator"
  packages = ["."]
  pruneopts = "UT"
  revision = "f87b1403479a348651dbf5f07f5cc6e5fcf07008"
  version = "v0.17.0"

[[projects]]
  digest = "1:c94ac4bd671e1073cc61f4f3b9535d582c4fbdd4d2db0c41fdf728d4874706a8"
  name = "github.com/go-playground/validator"
  packages = ["."]
  pruneopts = "UT"
  revision = "d07eb88fb04047e450e834dd461210095fc28d6a"
  version = "v10.6.0"

[[projects]]
  digest = "1:9e016de2759aaa06e25a3a83400b81f99fa0df8de3a4bdecf30945f254f4d20b"
  name = "github.com/leodido/go-urn"
  packages = ["."]
  pruneopts = "UT"
  revision = "6c96508144d00b380edbc8bda077e27b832d0c7b"
  version = "v1.2.1"

[[projects]]
  digest = "1:9e1d37b58d17113ec3cb5608ac0382313c5b59470b94ed97d0976e69c7022314"
  name = "github.com/pkg/errors"
  packages = ["."]
  pruneopts = "UT"
  revision = "614d223910a179a466c1767a985424175c39b465"
  version = "v0.9.1"

[[projects]]
  digest = "1:710e4db75ab6688662e1f8eb9f12e1007fd607b708fea9576d1d9fe9393c4915"
  name = "github.com/rs/zerolog"
  packages = [
    ".",
    "internal/cbor",
    "internal/json",
    "log",
    "pkgerrors",
  ]
  pruneopts = "UT"
  revision = "f2cc3cf8b70aa2b9dbf9320277032131c87f4600"
  version = "v1.21.0"

[[projects]]
  branch = "master"
  digest = "1:ce3a1e2117e25337e10f3ed232192960b8ce3febff3a3501fdefa4ce883db977"
  name = "golang.org/x/crypto"
  packages = ["sha3"]
  pruneopts = "UT"
  revision = "38f3c27a63bf8d9928ce230b01cab346d1756e88"

[[projects]]
  branch = "master"
  digest = "1:a0454ecd08f7082ac2ea57b41548351feaf3e6f29dc36fb2aaed0a04bdc1f30d"
  name = "golang.org/x/sys"
  packages = ["cpu"]
  pruneopts = "UT"
  revision = "b0526f3d87448f0401ea3f7f3a81aa9e6ab4804d"

[[projects]]
  digest = "1:7be2a1fb07099034330d30aac490d2703baba430d6459935f38ddbe743b19ed6"
  name = "golang.org/x/text"
  packages = [
    "internal/gen",
    "internal/language",
    "internal/language/compact",
    "internal/tag",
    "language",
    "unicode/cldr",
  ]
  pruneopts = "UT"
  revision = "e328d63cff14134669501e0e154e4f141c784322"
  version = "v0.3.6"

[solve-meta]
  analyzer-name = "dep"
  analyzer-version = 1
  input-imports = [
    "github.com/go-playground/validator",
    "github.com/rs/zerolog",
    "github.com/rs/zerolog/log",
    "github.com/rs/zerolog/pkgerrors",
  ]
  solver-name = "gps-cdcl"
  solver-version = 1
